{
  "version": 2,
  "dependencies": {
    "net10.0": {
      "TUnit": {
        "type": "Direct",
        "requested": "[1.39.0, )",
        "resolved": "1.39.0",
        "contentHash": "tgS8PnrbfrT9J3+LLX0SJdH83MBCawc530qnq09VOi52+QKaF+g7PzzgAKaGJXrhK+vi5afOwNPXatfJskJFPg==",
        "dependencies": {
          "Microsoft.Testing.Extensions.CodeCoverage": "18.6.2",
          "Microsoft.Testing.Extensions.Telemetry": "2.2.1",
          "Microsoft.Testing.Extensions.TrxReport": "2.2.1",
          "TUnit.Assertions": "1.39.0",
          "TUnit.Engine": "1.39.0"
        }
      },
      "Verify.TUnit": {
        "type": "Direct",
        "requested": "[31.16.2, )",
        "resolved": "31.16.2",
        "contentHash": "pPsu9mFKat+D3zvnZ0Uh9xsQqe+NEb50boqHk1/73/xHCi1diLpE4H69bEs5aMifwxQp7NY8gYOH2fC/ATYvsA==",
        "dependencies": {
          "Argon": "0.33.5",
          "DiffEngine": "19.1.3",
          "SimpleInfoName": "3.2.0",
          "TUnit.Core": "1.37.36",
          "Verify": "31.16.2"
        }
      },
      "Argon": {
        "type": "Transitive",
        "resolved": "0.33.5",
        "contentHash": "J6821zxO+EqMzO9C/V5uiWc2eBGyzN7Z8Z0xq3Q1/e6IxYcHDA32OgiZX5/7/f8rVPQQa7aYtm6f0UfnrgKNBg=="
      },
      "DiffEngine": {
        "type": "Transitive",
        "resolved": "19.1.3",
        "contentHash": "4Tsn/JeL5GF4RJhW1yTtUPMqYWck1eOfJwE3CrlQsOlrFc9WyUxZPgywB7zvRPi6pVKShzcch0WbTkWe3GB7HA==",
        "dependencies": {
          "EmptyFiles": "8.18.1"
        }
      },
      "EmptyFiles": {
        "type": "Transitive",
        "resolved": "8.18.1",
        "contentHash": "5gA7ICU+CafaHJLbrL/lOEABwkmXS6089WoCbn+NkIul2ATAGGzQsD4cXOFmYmQp6b9Jd/f4bb2EK+14dY75Pw=="
      },
      "EnumerableAsyncProcessor": {
        "type": "Transitive",
        "resolved": "3.8.4",
        "contentHash": "KlbpupRCz3Kf+P7gsiDvFXJ980i/9lfihMZFmmxIk0Gf6mopEjy74OTJZmdaKDQpE29eQDBnMZB5khyW3eugrg=="
      },
      "Microsoft.ApplicationInsights": {
        "type": "Transitive",
        "resolved": "2.23.0",
        "contentHash": "nWArUZTdU7iqZLycLKWe0TDms48KKGE6pONH2terYNa8REXiqixrMOkf1sk5DHGMaUTqONU2YkS4SAXBhLStgw=="
      },
      "Microsoft.DiaSymReader": {
        "type": "Transitive",
        "resolved": "2.2.5",
        "contentHash": "Cq0DLpL8oQmXX3EUCClAYWDBy7Nf3Km6kmUw/eYWlYcTeC3g3Nekd/Z/ldsiy+Oi3xboanlQV9oaVCkgdLEhOQ=="
      },
      "Microsoft.Extensions.DependencyModel": {
        "type": "Transitive",
        "resolved": "8.0.2",
        "contentHash": "mUBDZZRgZrSyFOsJ2qJJ9fXfqd/kXJwf3AiDoqLD9m6TjY5OO/vLNOb9fb4juC0487eq4hcGN/M2Rh/CKS7QYw=="
      },
      "Microsoft.Testing.Extensions.CodeCoverage": {
        "type": "Transitive",
        "resolved": "18.6.2",
        "contentHash": "vRDhB96XQyVdYFp4cQZOMz/lx0okfCdzTXPxGiuFhKx2yUL0FT/skTpnTv+7x13+tjNOcT39i2Ln3BYtslzf2w==",
        "dependencies": {
          "Microsoft.DiaSymReader": "2.2.5",
          "Microsoft.Extensions.DependencyModel": "8.0.2",
          "Microsoft.Testing.Platform": "2.1.0"
        }
      },
      "Microsoft.Testing.Extensions.Telemetry": {
        "type": "Transitive",
        "resolved": "2.2.1",
        "contentHash": "7zB8BjffOyvqfHF26rFVPuK0w1fCf5+j1tLuhHIr76CqxXkGb+fMJtq6YNOV+m6qPytExHMXxluk3RgJ+dSIqw==",
        "dependencies": {
          "Microsoft.ApplicationInsights": "2.23.0",
          "Microsoft.Testing.Platform": "2.2.1"
        }
      },
      "Microsoft.Testing.Extensions.TrxReport": {
        "type": "Transitive",
        "resolved": "2.2.1",
        "contentHash": "FWaktPQHSiZh/+2ft2PHH/4bLlg8BKlrbLiil8mRcpoP0oHzKpgBfmN3QepGlAbxG0yDrZGN8tuPy77FYdEaMw==",
        "dependencies": {
          "Microsoft.Testing.Extensions.TrxReport.Abstractions": "2.2.1",
          "Microsoft.Testing.Platform": "2.2.1"
        }
      },
      "Microsoft.Testing.Extensions.TrxReport.Abstractions": {
        "type": "Transitive",
        "resolved": "2.2.1",
        "contentHash": "RD6D1Jx6cKDA5IHd1H2q8ylIuQG3PD+gdULI0JC8CvsRtaypFzTFpB5xDPuQi8o6kAkcM04cBhAiJPxZboNH2Q==",
        "dependencies": {
          "Microsoft.Testing.Platform": "2.2.1"
        }
      },
      "Microsoft.Testing.Platform": {
        "type": "Transitive",
        "resolved": "2.2.1",
        "contentHash": "9bbPuls/b6/vUFzxbSjJLZlJHyKBfOZE5kjIY+ITI2ASqlFPJhR83BdLydJeQOCLEZhEbrEcz5xtt1B69nwSVg=="
      },
      "Microsoft.Testing.Platform.MSBuild": {
        "type": "Transitive",
        "resolved": "2.2.1",
        "contentHash": "CSJOcZHfKlTyPbS0CTJk6iEnU4gJC+eUA5z72UBnMDRdgVHYOmB8k9Y7jT233gZjnCOQiYFg3acQHRfu2H62nw==",
        "dependencies": {
          "Microsoft.Testing.Platform": "2.2.1"
        }
      },
      "SimpleInfoName": {
        "type": "Transitive",
        "resolved": "3.2.0",
        "contentHash": "K8ivHRbPWfncijk62Dan/r/z55gwq3aFzqB6yFlD9X0bbpIaacHyHH2cpcIdz0FECUpERUZTwxts0z4gRWpQpA=="
      },
      "TUnit.Assertions": {
        "type": "Transitive",
        "resolved": "1.39.0",
        "contentHash": "HbXEimCPW1sVRn7q874COvvxfE9eyrJ9j1uM6ZKwZczfXaMZrDR6yfIVhuu3iNRrB21Y3lAL5GaOIgRHpaABOQ=="
      },
      "TUnit.Core": {
        "type": "Transitive",
        "resolved": "1.39.0",
        "contentHash": "ROtCeC9Y5VICc2PxF0HHM6WJUIwK4oRnhMjOOD97X/wS/qLe5R7ZUMyP2DdeZn/D1HNp2uOUqiL9dKRFd58bjw=="
      },
      "TUnit.Engine": {
        "type": "Transitive",
        "resolved": "1.39.0",
        "contentHash": "z8eepeF43FBi7EvtbhjBM5qg/9iflmWjRCPDwX/BpIzdSQDmOtcqtrphre65Ax4YcdivfOewvbk32YXxwsskLQ==",
        "dependencies": {
          "EnumerableAsyncProcessor": "3.8.4",
          "Microsoft.Testing.Extensions.TrxReport.Abstractions": "2.2.1",
          "Microsoft.Testing.Platform": "2.2.1",
          "Microsoft.Testing.Platform.MSBuild": "2.2.1",
          "TUnit.Core": "1.39.0"
        }
      },
      "Verify": {
        "type": "Transitive",
        "resolved": "31.16.2",
        "contentHash": "5FfUZ61HNRr10S/SvXT4NAf61jUw1B+jgxKDN74hHGVW7K+QyZ/M7lyz6fqVF4RHYU6kSZhtVtKWFgrs3yuBQg==",
        "dependencies": {
          "Argon": "0.33.5",
          "DiffEngine": "19.1.3",
          "SimpleInfoName": "3.2.0"
        }
      },
      "VYaml.Annotations": {
        "type": "Transitive",
        "resolved": "1.2.0",
        "contentHash": "4lvRooDFHOG+6V4PitU8dkH9i+iPoTQTq2OGj/y0Z/ebZQ9byQuvlo6TC5gqBTnxfl3puJNAAWZzZhz6SM6dzA=="
      },
      "glot": {
        "type": "Project",
        "dependencies": {
          "Microsoft.Extensions.ObjectPool": "[10.0.7, )",
          "System.IO.Hashing": "[10.0.7, )"
        }
      },
      "glot.vyaml": {
        "type": "Project",
        "dependencies": {
          "Glot": "[0.1.0, )",
          "VYaml": "[1.2.0, )"
        }
      },
      "Microsoft.Extensions.ObjectPool": {
        "type": "CentralTransitive",
        "requested": "[10.0.7, )",
        "resolved": "10.0.7",
        "contentHash": "flWxDEhfc7fueGP+mvNp8Avrm5YcZVfcpyI96MkJEnGu+1X/eH8XcHfx6deBAdCU3ZPpmQ7AVp/9t4aikKP07w=="
      },
      "System.IO.Hashing": {
        "type": "CentralTransitive",
        "requested": "[10.0.7, )",
        "resolved": "10.0.7",
        "contentHash": "6hsjdSr4VOXSOnhALkYplHpAxnTG1J33YN42IB6nH2fEg4QnJqrZ4Ft+qn7mkrKAOYC8pCSFYwVWw6rQbmwgLQ=="
      },
      "VYaml": {
        "type": "CentralTransitive",
        "requested": "[1.2.0, )",
        "resolved": "1.2.0",
        "contentHash": "5A6QOpU9+HVoOj1HsROeakoEk6H6j3paoqg3iMYmOSF7cyYHGcvKll9wdfZjTN8NUTeZmijTQnDwRx6R4ZxSYA==",
        "dependencies": {
          "VYaml.Annotations": "1.2.0"
        }
      }
    }
  }
}